
Microsoft Visual Studio Solution File, Format Version 12.00
# Visual Studio Version 17
VisualStudioVersion = 17.5.002.0
MinimumVisualStudioVersion = 10.0.40219.1
Project("{2150E333-8FDC-42A3-9474-1A3956D46DE8}") = "backend", "backend", "{1CEDE07C-8EA1-4BD4-9F55-1157F63CFB84}"
EndProject
Project("{9A19103F-16F7-4668-BE54-9A1E7A4F7556}") = "api", "backend\api\api.csproj", "{B2028559-A82E-49BC-BDB6-75BC57F3CBDE}"
EndProject
Global
	GlobalSection(SolutionConfigurationPlatforms) = preSolution
		Debug|Any CPU = Debug|Any CPU
		Release|Any CPU = Release|Any CPU
	EndGlobalSection
	GlobalSection(ProjectConfigurationPlatforms) = postSolution
		{B2028559-A82E-49BC-BDB6-75BC57F3CBDE}.Debug|Any CPU.ActiveCfg = Debug|Any CPU
		{B2028559-A82E-49BC-BDB6-75BC57F3CBDE}.Debug|Any CPU.Build.0 = Debug|Any CPU
		{B2028559-A82E-49BC-BDB6-75BC57F3CBDE}.Release|Any CPU.ActiveCfg = Release|Any CPU
		{B2028559-A82E-49BC-BDB6-75BC57F3CBDE}.Release|Any CPU.Build.0 = Release|Any CPU
	EndGlobalSection
	GlobalSection(SolutionProperties) = preSolution
		HideSolutionNode = FALSE
	EndGlobalSection
	GlobalSection(NestedProjects) = preSolution
		{B2028559-A82E-49BC-BDB6-75BC57F3CBDE} = {1CEDE07C-8EA1-4BD4-9F55-1157F63CFB84}
	EndGlobalSection
	GlobalSection(ExtensibilityGlobals) = postSolution
		SolutionGuid = {D24CCAC6-5D62-4F12-B9BA-3D77F2A1DE36}
	EndGlobalSection
EndGlobal
