
Microsoft Visual Studio Solution File, Format Version 12.00
# Visual Studio Version 17
VisualStudioVersion = 17.5.002.0
MinimumVisualStudioVersion = 10.0.40219.1
Project("{2150E333-8FDC-42A3-9474-1A3956D46DE8}") = "backend", "backend", "{B5A711D1-2EF1-499F-9DC1-F503E9213B08}"
EndProject
Project("{9A19103F-16F7-4668-BE54-9A1E7A4F7556}") = "api", "backend\api\api.csproj", "{C9384B0F-A2FC-4519-8579-BFE6574F7FAB}"
EndProject
Global
	GlobalSection(SolutionConfigurationPlatforms) = preSolution
		Debug|Any CPU = Debug|Any CPU
		Release|Any CPU = Release|Any CPU
	EndGlobalSection
	GlobalSection(ProjectConfigurationPlatforms) = postSolution
		{C9384B0F-A2FC-4519-8579-BFE6574F7FAB}.Debug|Any CPU.ActiveCfg = Debug|Any CPU
		{C9384B0F-A2FC-4519-8579-BFE6574F7FAB}.Debug|Any CPU.Build.0 = Debug|Any CPU
		{C9384B0F-A2FC-4519-8579-BFE6574F7FAB}.Release|Any CPU.ActiveCfg = Release|Any CPU
		{C9384B0F-A2FC-4519-8579-BFE6574F7FAB}.Release|Any CPU.Build.0 = Release|Any CPU
	EndGlobalSection
	GlobalSection(SolutionProperties) = preSolution
		HideSolutionNode = FALSE
	EndGlobalSection
	GlobalSection(NestedProjects) = preSolution
		{C9384B0F-A2FC-4519-8579-BFE6574F7FAB} = {B5A711D1-2EF1-499F-9DC1-F503E9213B08}
	EndGlobalSection
	GlobalSection(ExtensibilityGlobals) = postSolution
		SolutionGuid = {D24CCAC6-5D62-4F12-B9BA-3D77F2A1DE36}
	EndGlobalSection
EndGlobal
